
Microsoft Visual Studio Solution File, Format Version 11.00
# Visual Studio 2010
Project("{FAE04EC0-301F-11D3-BF4B-00C04F79EFBC}") = "ClasesBase", "ClasesBase\ClasesBase.csproj", "{FD6A4B55-EA38-4249-9FD7-8951614348BD}"
EndProject
Project("{FAE04EC0-301F-11D3-BF4B-00C04F79EFBC}") = "Vistas", "Vistas\Vistas.csproj", "{53CCF219-4E65-4D97-BC5B-D907B51C8C01}"
EndProject
Global
	GlobalSection(SolutionConfigurationPlatforms) = preSolution
		Debug|Any CPU = Debug|Any CPU
		Debug|Mixed Platforms = Debug|Mixed Platforms
		Debug|x86 = Debug|x86
		Release|Any CPU = Release|Any CPU
		Release|Mixed Platforms = Release|Mixed Platforms
		Release|x86 = Release|x86
	EndGlobalSection
	GlobalSection(ProjectConfigurationPlatforms) = postSolution
		{FD6A4B55-EA38-4249-9FD7-8951614348BD}.Debug|Any CPU.ActiveCfg = Debug|Any CPU
		{FD6A4B55-EA38-4249-9FD7-8951614348BD}.Debug|Any CPU.Build.0 = Debug|Any CPU
		{FD6A4B55-EA38-4249-9FD7-8951614348BD}.Debug|Mixed Platforms.ActiveCfg = Debug|Any CPU
		{FD6A4B55-EA38-4249-9FD7-8951614348BD}.Debug|Mixed Platforms.Build.0 = Debug|Any CPU
		{FD6A4B55-EA38-4249-9FD7-8951614348BD}.Debug|x86.ActiveCfg = Debug|Any CPU
		{FD6A4B55-EA38-4249-9FD7-8951614348BD}.Release|Any CPU.ActiveCfg = Release|Any CPU
		{FD6A4B55-EA38-4249-9FD7-8951614348BD}.Release|Any CPU.Build.0 = Release|Any CPU
		{FD6A4B55-EA38-4249-9FD7-8951614348BD}.Release|Mixed Platforms.ActiveCfg = Release|Any CPU
		{FD6A4B55-EA38-4249-9FD7-8951614348BD}.Release|Mixed Platforms.Build.0 = Release|Any CPU
		{FD6A4B55-EA38-4249-9FD7-8951614348BD}.Release|x86.ActiveCfg = Release|Any CPU
		{53CCF219-4E65-4D97-BC5B-D907B51C8C01}.Debug|Any CPU.ActiveCfg = Debug|x86
		{53CCF219-4E65-4D97-BC5B-D907B51C8C01}.Debug|Mixed Platforms.ActiveCfg = Debug|x86
		{53CCF219-4E65-4D97-BC5B-D907B51C8C01}.Debug|Mixed Platforms.Build.0 = Debug|x86
		{53CCF219-4E65-4D97-BC5B-D907B51C8C01}.Debug|x86.ActiveCfg = Debug|x86
		{53CCF219-4E65-4D97-BC5B-D907B51C8C01}.Debug|x86.Build.0 = Debug|x86
		{53CCF219-4E65-4D97-BC5B-D907B51C8C01}.Release|Any CPU.ActiveCfg = Release|x86
		{53CCF219-4E65-4D97-BC5B-D907B51C8C01}.Release|Mixed Platforms.ActiveCfg = Release|x86
		{53CCF219-4E65-4D97-BC5B-D907B51C8C01}.Release|Mixed Platforms.Build.0 = Release|x86
		{53CCF219-4E65-4D97-BC5B-D907B51C8C01}.Release|x86.ActiveCfg = Release|x86
		{53CCF219-4E65-4D97-BC5B-D907B51C8C01}.Release|x86.Build.0 = Release|x86
	EndGlobalSection
	GlobalSection(SolutionProperties) = preSolution
		HideSolutionNode = FALSE
	EndGlobalSection
EndGlobal
